lockVersion: 2.0.0
id: 1072cbbd-d186-47d6-952b-854e9c897421
management:
  docChecksum: a08d8b55b00bfb4ba4828a322fd16614
  docVersion: 0.1.0
  speakeasyVersion: internal
  generationVersion: 2.234.3
  releaseVersion: 0.25.3
  configChecksum: 699fadfbfa838ffe94345b00daac1957
  repoURL: https://github.com/fabra-io/python-sdk.git
  repoSubDirectory: .
  installationURL: https://github.com/fabra-io/python-sdk.git
  published: true
features:
  python:
    core: 4.4.2
    globalSecurity: 2.83.1
    globalServerURLs: 2.82.1
generatedFiles:
  - src/fabra/sdkconfiguration.py
  - src/fabra/connection.py
  - src/fabra/customer_data.py
  - src/fabra/destination.py
  - src/fabra/link_token.py
  - src/fabra/object.py
  - src/fabra/source.py
  - src/fabra/sync.py
  - src/fabra/sdk.py
  - pylintrc
  - setup.py
  - src/fabra/__init__.py
  - src/fabra/utils/__init__.py
  - src/fabra/utils/retries.py
  - src/fabra/utils/utils.py
  - src/fabra/models/errors/sdkerror.py
  - tests/helpers.py
  - src/fabra/models/operations/get_namespaces.py
  - src/fabra/models/operations/get_schema.py
  - src/fabra/models/operations/get_tables.py
  - src/fabra/models/operations/query_object.py
  - src/fabra/models/operations/create_destination.py
  - src/fabra/models/operations/get_destinations.py
  - src/fabra/models/operations/create_link_token.py
  - src/fabra/models/operations/create_object.py
  - src/fabra/models/operations/get_objects.py
  - src/fabra/models/operations/create_source.py
  - src/fabra/models/operations/get_sources.py
  - src/fabra/models/operations/create_sync.py
  - src/fabra/models/operations/get_syncs.py
  - src/fabra/models/shared/namespaces.py
  - src/fabra/models/shared/field.py
  - src/fabra/models/shared/fieldtype.py
  - src/fabra/models/shared/queryfilter.py
  - src/fabra/models/shared/destination.py
  - src/fabra/models/shared/connection.py
  - src/fabra/models/shared/connectiontype.py
  - src/fabra/models/shared/destinationinput.py
  - src/fabra/models/shared/snowflakeconfig.py
  - src/fabra/models/shared/redshiftconfig.py
  - src/fabra/models/shared/mongodbconfig.py
  - src/fabra/models/shared/bigqueryconfig.py
  - src/fabra/models/shared/createlinktokenresponse.py
  - src/fabra/models/shared/createlinktokenrequest.py
  - src/fabra/models/shared/object.py
  - src/fabra/models/shared/objectfield.py
  - src/fabra/models/shared/objectinput.py
  - src/fabra/models/shared/frequencyunits.py
  - src/fabra/models/shared/source.py
  - src/fabra/models/shared/sourceinput.py
  - src/fabra/models/shared/sync.py
  - src/fabra/models/shared/fieldmapping.py
  - src/fabra/models/shared/syncinput.py
  - src/fabra/models/shared/security.py
  - src/fabra/models/__init__.py
  - src/fabra/models/errors/__init__.py
  - src/fabra/models/operations/__init__.py
  - src/fabra/models/shared/__init__.py
  - docs/models/operations/getnamespacesrequest.md
  - docs/models/operations/getnamespacesresponse.md
  - docs/models/operations/getschemarequest.md
  - docs/models/operations/getschemaresponsebody.md
  - docs/models/operations/getschemaresponse.md
  - docs/models/operations/gettablesrequest.md
  - docs/models/operations/gettablesresponsebody.md
  - docs/models/operations/gettablesresponse.md
  - docs/models/operations/queryobjectrequestbody.md
  - docs/models/operations/queryobjectrequest.md
  - docs/models/operations/examplefield3.md
  - docs/models/operations/queryobjectresponsebody.md
  - docs/models/operations/queryobjectresponse.md
  - docs/models/operations/createdestinationresponsebody.md
  - docs/models/operations/createdestinationresponse.md
  - docs/models/operations/getdestinationsresponsebody.md
  - docs/models/operations/getdestinationsresponse.md
  - docs/models/operations/createlinktokenresponse.md
  - docs/models/operations/createobjectresponsebody.md
  - docs/models/operations/createobjectresponse.md
  - docs/models/operations/getobjectsresponsebody.md
  - docs/models/operations/getobjectsresponse.md
  - docs/models/operations/createsourceresponsebody.md
  - docs/models/operations/createsourceresponse.md
  - docs/models/operations/getsourcesresponsebody.md
  - docs/models/operations/getsourcesresponse.md
  - docs/models/operations/createsyncresponsebody.md
  - docs/models/operations/createsyncresponse.md
  - docs/models/operations/getsyncsresponsebody.md
  - docs/models/operations/getsyncsresponse.md
  - docs/models/shared/namespaces.md
  - docs/models/shared/field.md
  - docs/models/shared/fieldtype.md
  - docs/models/shared/queryfilter.md
  - docs/models/shared/destination.md
  - docs/models/shared/connection.md
  - docs/models/shared/connectiontype.md
  - docs/models/shared/destinationinput.md
  - docs/models/shared/snowflakeconfig.md
  - docs/models/shared/redshiftconfig.md
  - docs/models/shared/mongodbconfig.md
  - docs/models/shared/bigqueryconfig.md
  - docs/models/shared/createlinktokenresponse.md
  - docs/models/shared/createlinktokenrequest.md
  - docs/models/shared/object.md
  - docs/models/shared/objectfield.md
  - docs/models/shared/objectinput.md
  - docs/models/shared/frequencyunits.md
  - docs/models/shared/source.md
  - docs/models/shared/sourceinput.md
  - docs/models/shared/sync.md
  - docs/models/shared/fieldmapping.md
  - docs/models/shared/syncinput.md
  - docs/models/shared/security.md
  - docs/sdks/fabra/README.md
  - docs/sdks/connection/README.md
  - docs/sdks/customerdata/README.md
  - docs/sdks/destination/README.md
  - docs/sdks/linktoken/README.md
  - docs/sdks/object/README.md
  - docs/sdks/source/README.md
  - docs/sdks/sync/README.md
  - USAGE.md
  - .gitattributes
